
Microsoft Visual Studio Solution File, Format Version 12.00
# Visual Studio 2013
VisualStudioVersion = 12.0.21005.1
MinimumVisualStudioVersion = 10.0.40219.1
Project("{FAE04EC0-301F-11D3-BF4B-00C04F79EFBC}") = "TestingDemo", "TestingDemo\TestingDemo.csproj", "{4428C6EE-58DC-4605-9265-72B7CE1920D6}"
EndProject
Project("{FAE04EC0-301F-11D3-BF4B-00C04F79EFBC}") = "TestingDemo.Tests", "TestingDemo.Tests\TestingDemo.Tests.csproj", "{CC137462-0F95-41B6-8845-B676AA048689}"
EndProject
Global
	GlobalSection(SolutionConfigurationPlatforms) = preSolution
		Debug|Any CPU = Debug|Any CPU
		Release|Any CPU = Release|Any CPU
	EndGlobalSection
	GlobalSection(ProjectConfigurationPlatforms) = postSolution
		{4428C6EE-58DC-4605-9265-72B7CE1920D6}.Debug|Any CPU.ActiveCfg = Debug|Any CPU
		{4428C6EE-58DC-4605-9265-72B7CE1920D6}.Debug|Any CPU.Build.0 = Debug|Any CPU
		{4428C6EE-58DC-4605-9265-72B7CE1920D6}.Release|Any CPU.ActiveCfg = Release|Any CPU
		{4428C6EE-58DC-4605-9265-72B7CE1920D6}.Release|Any CPU.Build.0 = Release|Any CPU
		{CC137462-0F95-41B6-8845-B676AA048689}.Debug|Any CPU.ActiveCfg = Debug|Any CPU
		{CC137462-0F95-41B6-8845-B676AA048689}.Debug|Any CPU.Build.0 = Debug|Any CPU
		{CC137462-0F95-41B6-8845-B676AA048689}.Release|Any CPU.ActiveCfg = Release|Any CPU
		{CC137462-0F95-41B6-8845-B676AA048689}.Release|Any CPU.Build.0 = Release|Any CPU
	EndGlobalSection
	GlobalSection(SolutionProperties) = preSolution
		HideSolutionNode = FALSE
	EndGlobalSection
EndGlobal
